
Microsoft Visual Studio Solution File, Format Version 12.00
# Visual Studio 15
VisualStudioVersion = 15.0.27703.2018
MinimumVisualStudioVersion = 10.0.40219.1
Project("{FAE04EC0-301F-11D3-BF4B-00C04F79EFBC}") = "SecurityExample", "SecurityExample\SecurityExample.csproj", "{ED09A982-69A2-4386-A1A0-158C9581BE31}"
EndProject
Global
	GlobalSection(SolutionConfigurationPlatforms) = preSolution
		Debug|Any CPU = Debug|Any CPU
		Release|Any CPU = Release|Any CPU
	EndGlobalSection
	GlobalSection(ProjectConfigurationPlatforms) = postSolution
		{ED09A982-69A2-4386-A1A0-158C9581BE31}.Debug|Any CPU.ActiveCfg = Debug|Any CPU
		{ED09A982-69A2-4386-A1A0-158C9581BE31}.Debug|Any CPU.Build.0 = Debug|Any CPU
		{ED09A982-69A2-4386-A1A0-158C9581BE31}.Release|Any CPU.ActiveCfg = Release|Any CPU
		{ED09A982-69A2-4386-A1A0-158C9581BE31}.Release|Any CPU.Build.0 = Release|Any CPU
	EndGlobalSection
	GlobalSection(SolutionProperties) = preSolution
		HideSolutionNode = FALSE
	EndGlobalSection
	GlobalSection(ExtensibilityGlobals) = postSolution
		SolutionGuid = {44B59A9B-63A0-44F0-8879-56DC5BADA529}
	EndGlobalSection
EndGlobal
